
Microsoft Visual Studio Solution File, Format Version 12.00
# Visual Studio 2012
Project("{8BC9CEB8-8B4A-11D0-8D11-00A0C91BC942}") = "MFCApplication9", "MFCApplication9\MFCApplication9.vcxproj", "{E7CA33AE-78B0-4316-980A-66AF55A8354E}"
EndProject
Global
	GlobalSection(SolutionConfigurationPlatforms) = preSolution
		Debug|Win32 = Debug|Win32
		Release|Win32 = Release|Win32
	EndGlobalSection
	GlobalSection(ProjectConfigurationPlatforms) = postSolution
		{E7CA33AE-78B0-4316-980A-66AF55A8354E}.Debug|Win32.ActiveCfg = Debug|Win32
		{E7CA33AE-78B0-4316-980A-66AF55A8354E}.Debug|Win32.Build.0 = Debug|Win32
		{E7CA33AE-78B0-4316-980A-66AF55A8354E}.Release|Win32.ActiveCfg = Release|Win32
		{E7CA33AE-78B0-4316-980A-66AF55A8354E}.Release|Win32.Build.0 = Release|Win32
	EndGlobalSection
	GlobalSection(SolutionProperties) = preSolution
		HideSolutionNode = FALSE
	EndGlobalSection
EndGlobal
